// !$*UTF8*$!
{
	archiveVersion = 1;
	classes = {
	};
	objectVersion = 56;
	objects = {

/* Begin PBXBuildFile section */
		021AC4FF2A7096AA00BF54F4 /* FolderInfoView.swift in Sources */ = {isa = PBXBuildFile; fileRef = 021AC4FE2A7096AA00BF54F4 /* FolderInfoView.swift */; };
		0227A1F92AFC6769003BF97A /* CardAddEditImageViewModel.swift in Sources */ = {isa = PBXBuildFile; fileRef = 0227A1F82AFC6769003BF97A /* CardAddEditImageViewModel.swift */; };
		023673402AD388890002CDA8 /* AutocompleteObject.swift in Sources */ = {isa = PBXBuildFile; fileRef = 0236733F2AD388890002CDA8 /* AutocompleteObject.swift */; };
		023673422AD389800002CDA8 /* NamesCache.swift in Sources */ = {isa = PBXBuildFile; fileRef = 023673412AD389800002CDA8 /* NamesCache.swift */; };
		02373CB429CD168B00305ADD /* FolderView.swift in Sources */ = {isa = PBXBuildFile; fileRef = 02373CB329CD168B00305ADD /* FolderView.swift */; };
		02373CB829CD1BDD00305ADD /* Homework.rtf in Resources */ = {isa = PBXBuildFile; fileRef = 02373CB729CD1BDD00305ADD /* Homework.rtf */; };
		023CC5082A95844100E3522E /* FolderListCell.swift in Sources */ = {isa = PBXBuildFile; fileRef = 023CC5072A95844100E3522E /* FolderListCell.swift */; };
		023CC50A2A95858200E3522E /* AddEditFolderSheetView.swift in Sources */ = {isa = PBXBuildFile; fileRef = 023CC5092A95858200E3522E /* AddEditFolderSheetView.swift */; };
		025D66B72AC3ADCE00567E94 /* SwiftyJSON in Frameworks */ = {isa = PBXBuildFile; productRef = 025D66B62AC3ADCE00567E94 /* SwiftyJSON */; };
		025D66B92AC3AE2C00567E94 /* NetworkService.swift in Sources */ = {isa = PBXBuildFile; fileRef = 025D66B82AC3AE2C00567E94 /* NetworkService.swift */; };
		025DF5C929F07B9C009DE6D5 /* ImagePicker.swift in Sources */ = {isa = PBXBuildFile; fileRef = 025DF5C829F07B9C009DE6D5 /* ImagePicker.swift */; };
		02602F7C2A1D82F60083EA8C /* FolderListView.swift in Sources */ = {isa = PBXBuildFile; fileRef = 02602F7B2A1D82F60083EA8C /* FolderListView.swift */; };
		026579AF2A5C84FB000A0C9C /* PreviewView.swift in Sources */ = {isa = PBXBuildFile; fileRef = 026579AE2A5C84FB000A0C9C /* PreviewView.swift */; };
		027F88492A412D4200216E60 /* CameraService.swift in Sources */ = {isa = PBXBuildFile; fileRef = 027F88482A412D4200216E60 /* CameraService.swift */; };
		027F884B2A4131FD00216E60 /* CameraView.swift in Sources */ = {isa = PBXBuildFile; fileRef = 027F884A2A4131FD00216E60 /* CameraView.swift */; };
		027F884D2A4216A500216E60 /* CustomCameraView.swift in Sources */ = {isa = PBXBuildFile; fileRef = 027F884C2A4216A500216E60 /* CustomCameraView.swift */; };
		028ABF8A2A903ED700E4A042 /* HTMLParser.swift in Sources */ = {isa = PBXBuildFile; fileRef = 028ABF842A903ED700E4A042 /* HTMLParser.swift */; };
		028ABF8D2A903ED700E4A042 /* QRScanner.swift in Sources */ = {isa = PBXBuildFile; fileRef = 028ABF872A903ED700E4A042 /* QRScanner.swift */; };
		028ABF8F2A903ED700E4A042 /* ScannerView.swift in Sources */ = {isa = PBXBuildFile; fileRef = 028ABF892A903ED700E4A042 /* ScannerView.swift */; };
		028ABF922A903EF000E4A042 /* SwiftSoup in Frameworks */ = {isa = PBXBuildFile; productRef = 028ABF912A903EF000E4A042 /* SwiftSoup */; };
		0294E77D2A830AEB007E8E7C /* IDImage.swift in Sources */ = {isa = PBXBuildFile; fileRef = 0294E77C2A830AEB007E8E7C /* IDImage.swift */; };
		0294E77F2A830B06007E8E7C /* CardAddEditImageView.swift in Sources */ = {isa = PBXBuildFile; fileRef = 0294E77E2A830B06007E8E7C /* CardAddEditImageView.swift */; };
		0294E7812A830B4B007E8E7C /* CardImageDragDropDelegate.swift in Sources */ = {isa = PBXBuildFile; fileRef = 0294E7802A830B4B007E8E7C /* CardImageDragDropDelegate.swift */; };
		0294E7892A830DFE007E8E7C /* CardView.swift in Sources */ = {isa = PBXBuildFile; fileRef = 0294E7882A830DFE007E8E7C /* CardView.swift */; };
		0294E78B2A830E35007E8E7C /* FlipEffect.swift in Sources */ = {isa = PBXBuildFile; fileRef = 0294E78A2A830E35007E8E7C /* FlipEffect.swift */; };
		02AA299A2A09CC9700E3C7B9 /* CardInfoView.swift in Sources */ = {isa = PBXBuildFile; fileRef = 02AA29992A09CC9700E3C7B9 /* CardInfoView.swift */; };
		02B9699B2AB3DA9D0095EDD4 /* FolderListMainView.swift in Sources */ = {isa = PBXBuildFile; fileRef = 02B9699A2AB3DA9D0095EDD4 /* FolderListMainView.swift */; };
		02B9699D2AB3DB030095EDD4 /* FolderListMainViewModel.swift in Sources */ = {isa = PBXBuildFile; fileRef = 02B9699C2AB3DB030095EDD4 /* FolderListMainViewModel.swift */; };
		02BCEC5029D7A22D009AC8EB /* Card.swift in Sources */ = {isa = PBXBuildFile; fileRef = 02BCEC4F29D7A22D009AC8EB /* Card.swift */; };
		02BCEC5229D7A5DA009AC8EB /* CardAddEditView.swift in Sources */ = {isa = PBXBuildFile; fileRef = 02BCEC5129D7A5DA009AC8EB /* CardAddEditView.swift */; };
		02C9862B29C1361300CB87A0 /* CardViewerApp.swift in Sources */ = {isa = PBXBuildFile; fileRef = 02C9862A29C1361300CB87A0 /* CardViewerApp.swift */; };
		02C9862D29C1361300CB87A0 /* ContentView.swift in Sources */ = {isa = PBXBuildFile; fileRef = 02C9862C29C1361300CB87A0 /* ContentView.swift */; };
		02C9862F29C1361400CB87A0 /* Assets.xcassets in Resources */ = {isa = PBXBuildFile; fileRef = 02C9862E29C1361400CB87A0 /* Assets.xcassets */; };
		02C9863229C1361400CB87A0 /* Preview Assets.xcassets in Resources */ = {isa = PBXBuildFile; fileRef = 02C9863129C1361400CB87A0 /* Preview Assets.xcassets */; };
		02EACFA229E60193001B1D44 /* CardAddEditViewModel.swift in Sources */ = {isa = PBXBuildFile; fileRef = 02EACFA129E60193001B1D44 /* CardAddEditViewModel.swift */; };
		02EACFA429E6235E001B1D44 /* Folder.swift in Sources */ = {isa = PBXBuildFile; fileRef = 02EACFA329E6235D001B1D44 /* Folder.swift */; };
		02EACFA629E624A0001B1D44 /* FolderStore.swift in Sources */ = {isa = PBXBuildFile; fileRef = 02EACFA529E624A0001B1D44 /* FolderStore.swift */; };
/* End PBXBuildFile section */

/* Begin PBXFileReference section */
		021AC4FE2A7096AA00BF54F4 /* FolderInfoView.swift */ = {isa = PBXFileReference; lastKnownFileType = sourcecode.swift; path = FolderInfoView.swift; sourceTree = "<group>"; };
		0227A1F82AFC6769003BF97A /* CardAddEditImageViewModel.swift */ = {isa = PBXFileReference; lastKnownFileType = sourcecode.swift; path = CardAddEditImageViewModel.swift; sourceTree = "<group>"; };
		0236733F2AD388890002CDA8 /* AutocompleteObject.swift */ = {isa = PBXFileReference; lastKnownFileType = sourcecode.swift; path = AutocompleteObject.swift; sourceTree = "<group>"; };
		023673412AD389800002CDA8 /* NamesCache.swift */ = {isa = PBXFileReference; lastKnownFileType = sourcecode.swift; path = NamesCache.swift; sourceTree = "<group>"; };
		02373CB329CD168B00305ADD /* FolderView.swift */ = {isa = PBXFileReference; lastKnownFileType = sourcecode.swift; path = FolderView.swift; sourceTree = "<group>"; };
		02373CB729CD1BDD00305ADD /* Homework.rtf */ = {isa = PBXFileReference; lastKnownFileType = text.rtf; path = Homework.rtf; sourceTree = "<group>"; };
		023CC5072A95844100E3522E /* FolderListCell.swift */ = {isa = PBXFileReference; lastKnownFileType = sourcecode.swift; path = FolderListCell.swift; sourceTree = "<group>"; };
		023CC5092A95858200E3522E /* AddEditFolderSheetView.swift */ = {isa = PBXFileReference; lastKnownFileType = sourcecode.swift; path = AddEditFolderSheetView.swift; sourceTree = "<group>"; };
		025D66B82AC3AE2C00567E94 /* NetworkService.swift */ = {isa = PBXFileReference; lastKnownFileType = sourcecode.swift; path = NetworkService.swift; sourceTree = "<group>"; };
		025DF5C829F07B9C009DE6D5 /* ImagePicker.swift */ = {isa = PBXFileReference; lastKnownFileType = sourcecode.swift; path = ImagePicker.swift; sourceTree = "<group>"; };
		02602F7B2A1D82F60083EA8C /* FolderListView.swift */ = {isa = PBXFileReference; lastKnownFileType = sourcecode.swift; path = FolderListView.swift; sourceTree = "<group>"; };
		026579AE2A5C84FB000A0C9C /* PreviewView.swift */ = {isa = PBXFileReference; lastKnownFileType = sourcecode.swift; path = PreviewView.swift; sourceTree = "<group>"; };
		027F88482A412D4200216E60 /* CameraService.swift */ = {isa = PBXFileReference; lastKnownFileType = sourcecode.swift; path = CameraService.swift; sourceTree = "<group>"; };
		027F884A2A4131FD00216E60 /* CameraView.swift */ = {isa = PBXFileReference; lastKnownFileType = sourcecode.swift; path = CameraView.swift; sourceTree = "<group>"; };
		027F884C2A4216A500216E60 /* CustomCameraView.swift */ = {isa = PBXFileReference; lastKnownFileType = sourcecode.swift; path = CustomCameraView.swift; sourceTree = "<group>"; };
		028ABF842A903ED700E4A042 /* HTMLParser.swift */ = {isa = PBXFileReference; fileEncoding = 4; lastKnownFileType = sourcecode.swift; path = HTMLParser.swift; sourceTree = "<group>"; };
		028ABF872A903ED700E4A042 /* QRScanner.swift */ = {isa = PBXFileReference; fileEncoding = 4; lastKnownFileType = sourcecode.swift; path = QRScanner.swift; sourceTree = "<group>"; };
		028ABF892A903ED700E4A042 /* ScannerView.swift */ = {isa = PBXFileReference; fileEncoding = 4; lastKnownFileType = sourcecode.swift; path = ScannerView.swift; sourceTree = "<group>"; };
		0294E77C2A830AEB007E8E7C /* IDImage.swift */ = {isa = PBXFileReference; lastKnownFileType = sourcecode.swift; path = IDImage.swift; sourceTree = "<group>"; };
		0294E77E2A830B06007E8E7C /* CardAddEditImageView.swift */ = {isa = PBXFileReference; lastKnownFileType = sourcecode.swift; path = CardAddEditImageView.swift; sourceTree = "<group>"; };
		0294E7802A830B4B007E8E7C /* CardImageDragDropDelegate.swift */ = {isa = PBXFileReference; lastKnownFileType = sourcecode.swift; path = CardImageDragDropDelegate.swift; sourceTree = "<group>"; };
		0294E7882A830DFE007E8E7C /* CardView.swift */ = {isa = PBXFileReference; lastKnownFileType = sourcecode.swift; path = CardView.swift; sourceTree = "<group>"; };
		0294E78A2A830E35007E8E7C /* FlipEffect.swift */ = {isa = PBXFileReference; lastKnownFileType = sourcecode.swift; path = FlipEffect.swift; sourceTree = "<group>"; };
		02AA29992A09CC9700E3C7B9 /* CardInfoView.swift */ = {isa = PBXFileReference; lastKnownFileType = sourcecode.swift; path = CardInfoView.swift; sourceTree = "<group>"; };
		02B9699A2AB3DA9D0095EDD4 /* FolderListMainView.swift */ = {isa = PBXFileReference; lastKnownFileType = sourcecode.swift; path = FolderListMainView.swift; sourceTree = "<group>"; };
		02B9699C2AB3DB030095EDD4 /* FolderListMainViewModel.swift */ = {isa = PBXFileReference; lastKnownFileType = sourcecode.swift; path = FolderListMainViewModel.swift; sourceTree = "<group>"; };
		02BCEC4F29D7A22D009AC8EB /* Card.swift */ = {isa = PBXFileReference; lastKnownFileType = sourcecode.swift; path = Card.swift; sourceTree = "<group>"; };
		02BCEC5129D7A5DA009AC8EB /* CardAddEditView.swift */ = {isa = PBXFileReference; lastKnownFileType = sourcecode.swift; path = CardAddEditView.swift; sourceTree = "<group>"; };
		02C9862729C1361300CB87A0 /* CardViewer.app */ = {isa = PBXFileReference; explicitFileType = wrapper.application; includeInIndex = 0; path = CardViewer.app; sourceTree = BUILT_PRODUCTS_DIR; };
		02C9862A29C1361300CB87A0 /* CardViewerApp.swift */ = {isa = PBXFileReference; lastKnownFileType = sourcecode.swift; path = CardViewerApp.swift; sourceTree = "<group>"; };
		02C9862C29C1361300CB87A0 /* ContentView.swift */ = {isa = PBXFileReference; lastKnownFileType = sourcecode.swift; path = ContentView.swift; sourceTree = "<group>"; };
		02C9862E29C1361400CB87A0 /* Assets.xcassets */ = {isa = PBXFileReference; lastKnownFileType = folder.assetcatalog; path = Assets.xcassets; sourceTree = "<group>"; };
		02C9863129C1361400CB87A0 /* Preview Assets.xcassets */ = {isa = PBXFileReference; lastKnownFileType = folder.assetcatalog; path = "Preview Assets.xcassets"; sourceTree = "<group>"; };
		02EACFA129E60193001B1D44 /* CardAddEditViewModel.swift */ = {isa = PBXFileReference; lastKnownFileType = sourcecode.swift; path = CardAddEditViewModel.swift; sourceTree = "<group>"; };
		02EACFA329E6235D001B1D44 /* Folder.swift */ = {isa = PBXFileReference; lastKnownFileType = sourcecode.swift; path = Folder.swift; sourceTree = "<group>"; };
		02EACFA529E624A0001B1D44 /* FolderStore.swift */ = {isa = PBXFileReference; lastKnownFileType = sourcecode.swift; path = FolderStore.swift; sourceTree = "<group>"; };
/* End PBXFileReference section */

/* Begin PBXFrameworksBuildPhase section */
		02C9862429C1361300CB87A0 /* Frameworks */ = {
			isa = PBXFrameworksBuildPhase;
			buildActionMask = 2147483647;
			files = (
				025D66B72AC3ADCE00567E94 /* SwiftyJSON in Frameworks */,
				028ABF922A903EF000E4A042 /* SwiftSoup in Frameworks */,
			);
			runOnlyForDeploymentPostprocessing = 0;
		};
/* End PBXFrameworksBuildPhase section */

/* Begin PBXGroup section */
		0294E7822A830BD7007E8E7C /* StartingScreen */ = {
			isa = PBXGroup;
			children = (
				02C9862C29C1361300CB87A0 /* ContentView.swift */,
			);
			path = StartingScreen;
			sourceTree = "<group>";
		};
		0294E7832A830C2D007E8E7C /* Folder */ = {
			isa = PBXGroup;
			children = (
				021AC4FE2A7096AA00BF54F4 /* FolderInfoView.swift */,
				02602F7B2A1D82F60083EA8C /* FolderListView.swift */,
				02B9699A2AB3DA9D0095EDD4 /* FolderListMainView.swift */,
				02B9699C2AB3DB030095EDD4 /* FolderListMainViewModel.swift */,
				023CC5092A95858200E3522E /* AddEditFolderSheetView.swift */,
				02EACFA329E6235D001B1D44 /* Folder.swift */,
				02EACFA529E624A0001B1D44 /* FolderStore.swift */,
				02373CB329CD168B00305ADD /* FolderView.swift */,
				023CC5072A95844100E3522E /* FolderListCell.swift */,
			);
			path = Folder;
			sourceTree = "<group>";
		};
		0294E7842A830C8D007E8E7C /* Card */ = {
			isa = PBXGroup;
			children = (
				0294E7852A830CBF007E8E7C /* AddEdit */,
				02BCEC4F29D7A22D009AC8EB /* Card.swift */,
				02AA29992A09CC9700E3C7B9 /* CardInfoView.swift */,
				0294E7882A830DFE007E8E7C /* CardView.swift */,
			);
			path = Card;
			sourceTree = "<group>";
		};
		0294E7852A830CBF007E8E7C /* AddEdit */ = {
			isa = PBXGroup;
			children = (
				0294E7862A830CEA007E8E7C /* Camera */,
				02EACFA129E60193001B1D44 /* CardAddEditViewModel.swift */,
				02BCEC5129D7A5DA009AC8EB /* CardAddEditView.swift */,
				0294E77E2A830B06007E8E7C /* CardAddEditImageView.swift */,
				0227A1F82AFC6769003BF97A /* CardAddEditImageViewModel.swift */,
				0294E7802A830B4B007E8E7C /* CardImageDragDropDelegate.swift */,
			);
			path = AddEdit;
			sourceTree = "<group>";
		};
		0294E7862A830CEA007E8E7C /* Camera */ = {
			isa = PBXGroup;
			children = (
				025DF5C829F07B9C009DE6D5 /* ImagePicker.swift */,
				027F88482A412D4200216E60 /* CameraService.swift */,
				027F884A2A4131FD00216E60 /* CameraView.swift */,
				027F884C2A4216A500216E60 /* CustomCameraView.swift */,
				026579AE2A5C84FB000A0C9C /* PreviewView.swift */,
			);
			path = Camera;
			sourceTree = "<group>";
		};
		0294E7872A830D46007E8E7C /* Other */ = {
			isa = PBXGroup;
			children = (
				02C9862A29C1361300CB87A0 /* CardViewerApp.swift */,
				0294E77C2A830AEB007E8E7C /* IDImage.swift */,
				0294E78A2A830E35007E8E7C /* FlipEffect.swift */,
				025D66B82AC3AE2C00567E94 /* NetworkService.swift */,
				0236733F2AD388890002CDA8 /* AutocompleteObject.swift */,
				023673412AD389800002CDA8 /* NamesCache.swift */,
			);
			path = Other;
			sourceTree = "<group>";
		};
		02C9861E29C1361300CB87A0 = {
			isa = PBXGroup;
			children = (
				02C9862929C1361300CB87A0 /* CardViewer */,
				02C9862829C1361300CB87A0 /* Products */,
			);
			sourceTree = "<group>";
		};
		02C9862829C1361300CB87A0 /* Products */ = {
			isa = PBXGroup;
			children = (
				02C9862729C1361300CB87A0 /* CardViewer.app */,
			);
			name = Products;
			sourceTree = "<group>";
		};
		02C9862929C1361300CB87A0 /* CardViewer */ = {
			isa = PBXGroup;
			children = (
				028ABF892A903ED700E4A042 /* ScannerView.swift */,
				028ABF842A903ED700E4A042 /* HTMLParser.swift */,
				028ABF872A903ED700E4A042 /* QRScanner.swift */,
				0294E7872A830D46007E8E7C /* Other */,
				0294E7842A830C8D007E8E7C /* Card */,
				0294E7832A830C2D007E8E7C /* Folder */,
				0294E7822A830BD7007E8E7C /* StartingScreen */,
				02373CB729CD1BDD00305ADD /* Homework.rtf */,
				02C9862E29C1361400CB87A0 /* Assets.xcassets */,
				02C9863029C1361400CB87A0 /* Preview Content */,
			);
			path = CardViewer;
			sourceTree = "<group>";
		};
		02C9863029C1361400CB87A0 /* Preview Content */ = {
			isa = PBXGroup;
			children = (
				02C9863129C1361400CB87A0 /* Preview Assets.xcassets */,
			);
			path = "Preview Content";
			sourceTree = "<group>";
		};
/* End PBXGroup section */

/* Begin PBXNativeTarget section */
		02C9862629C1361300CB87A0 /* CardViewer */ = {
			isa = PBXNativeTarget;
			buildConfigurationList = 02C9863529C1361400CB87A0 /* Build configuration list for PBXNativeTarget "CardViewer" */;
			buildPhases = (
				02C9862329C1361300CB87A0 /* Sources */,
				02C9862429C1361300CB87A0 /* Frameworks */,
				02C9862529C1361300CB87A0 /* Resources */,
			);
			buildRules = (
			);
			dependencies = (
			);
			name = CardViewer;
			packageProductDependencies = (
				028ABF912A903EF000E4A042 /* SwiftSoup */,
				025D66B62AC3ADCE00567E94 /* SwiftyJSON */,
			);
			productName = CardViewer;
			productReference = 02C9862729C1361300CB87A0 /* CardViewer.app */;
			productType = "com.apple.product-type.application";
		};
/* End PBXNativeTarget section */

/* Begin PBXProject section */
		02C9861F29C1361300CB87A0 /* Project object */ = {
			isa = PBXProject;
			attributes = {
				BuildIndependentTargetsInParallel = 1;
				LastSwiftUpdateCheck = 1420;
				LastUpgradeCheck = 1500;
				TargetAttributes = {
					02C9862629C1361300CB87A0 = {
						CreatedOnToolsVersion = 14.2;
					};
				};
			};
			buildConfigurationList = 02C9862229C1361300CB87A0 /* Build configuration list for PBXProject "CardViewer" */;
			compatibilityVersion = "Xcode 14.0";
			developmentRegion = en;
			hasScannedForEncodings = 0;
			knownRegions = (
				en,
				Base,
			);
			mainGroup = 02C9861E29C1361300CB87A0;
			packageReferences = (
				028ABF902A903EF000E4A042 /* XCRemoteSwiftPackageReference "SwiftSoup" */,
				025D66B52AC3ADCE00567E94 /* XCRemoteSwiftPackageReference "SwiftyJSON" */,
			);
			productRefGroup = 02C9862829C1361300CB87A0 /* Products */;
			projectDirPath = "";
			projectRoot = "";
			targets = (
				02C9862629C1361300CB87A0 /* CardViewer */,
			);
		};
/* End PBXProject section */

/* Begin PBXResourcesBuildPhase section */
		02C9862529C1361300CB87A0 /* Resources */ = {
			isa = PBXResourcesBuildPhase;
			buildActionMask = 2147483647;
			files = (
				02373CB829CD1BDD00305ADD /* Homework.rtf in Resources */,
				02C9863229C1361400CB87A0 /* Preview Assets.xcassets in Resources */,
				02C9862F29C1361400CB87A0 /* Assets.xcassets in Resources */,
			);
			runOnlyForDeploymentPostprocessing = 0;
		};
/* End PBXResourcesBuildPhase section */

/* Begin PBXSourcesBuildPhase section */
		02C9862329C1361300CB87A0 /* Sources */ = {
			isa = PBXSourcesBuildPhase;
			buildActionMask = 2147483647;
			files = (
				0294E77F2A830B06007E8E7C /* CardAddEditImageView.swift in Sources */,
				02B9699D2AB3DB030095EDD4 /* FolderListMainViewModel.swift in Sources */,
				0294E77D2A830AEB007E8E7C /* IDImage.swift in Sources */,
				02373CB429CD168B00305ADD /* FolderView.swift in Sources */,
				02C9862D29C1361300CB87A0 /* ContentView.swift in Sources */,
				021AC4FF2A7096AA00BF54F4 /* FolderInfoView.swift in Sources */,
				027F884B2A4131FD00216E60 /* CameraView.swift in Sources */,
				02C9862B29C1361300CB87A0 /* CardViewerApp.swift in Sources */,
				02B9699B2AB3DA9D0095EDD4 /* FolderListMainView.swift in Sources */,
				023CC5082A95844100E3522E /* FolderListCell.swift in Sources */,
				025D66B92AC3AE2C00567E94 /* NetworkService.swift in Sources */,
				025DF5C929F07B9C009DE6D5 /* ImagePicker.swift in Sources */,
				026579AF2A5C84FB000A0C9C /* PreviewView.swift in Sources */,
				02AA299A2A09CC9700E3C7B9 /* CardInfoView.swift in Sources */,
				0294E78B2A830E35007E8E7C /* FlipEffect.swift in Sources */,
				028ABF8A2A903ED700E4A042 /* HTMLParser.swift in Sources */,
				023CC50A2A95858200E3522E /* AddEditFolderSheetView.swift in Sources */,
				028ABF8F2A903ED700E4A042 /* ScannerView.swift in Sources */,
				0227A1F92AFC6769003BF97A /* CardAddEditImageViewModel.swift in Sources */,
				027F884D2A4216A500216E60 /* CustomCameraView.swift in Sources */,
				023673422AD389800002CDA8 /* NamesCache.swift in Sources */,
				02BCEC5229D7A5DA009AC8EB /* CardAddEditView.swift in Sources */,
				0294E7812A830B4B007E8E7C /* CardImageDragDropDelegate.swift in Sources */,
				02EACFA229E60193001B1D44 /* CardAddEditViewModel.swift in Sources */,
				0294E7892A830DFE007E8E7C /* CardView.swift in Sources */,
				023673402AD388890002CDA8 /* AutocompleteObject.swift in Sources */,
				02EACFA629E624A0001B1D44 /* FolderStore.swift in Sources */,
				027F88492A412D4200216E60 /* CameraService.swift in Sources */,
				02BCEC5029D7A22D009AC8EB /* Card.swift in Sources */,
				02EACFA429E6235E001B1D44 /* Folder.swift in Sources */,
				02602F7C2A1D82F60083EA8C /* FolderListView.swift in Sources */,
				028ABF8D2A903ED700E4A042 /* QRScanner.swift in Sources */,
			);
			runOnlyForDeploymentPostprocessing = 0;
		};
/* End PBXSourcesBuildPhase section */

/* Begin XCBuildConfiguration section */
		02C9863329C1361400CB87A0 /* Debug */ = {
			isa = XCBuildConfiguration;
			buildSettings = {
				ALWAYS_SEARCH_USER_PATHS = NO;
				CLANG_ANALYZER_NONNULL = YES;
				CLANG_ANALYZER_NUMBER_OBJECT_CONVERSION = YES_AGGRESSIVE;
				CLANG_CXX_LANGUAGE_STANDARD = "gnu++20";
				CLANG_ENABLE_MODULES = YES;
				CLANG_ENABLE_OBJC_ARC = YES;
				CLANG_ENABLE_OBJC_WEAK = YES;
				CLANG_WARN_BLOCK_CAPTURE_AUTORELEASING = YES;
				CLANG_WARN_BOOL_CONVERSION = YES;
				CLANG_WARN_COMMA = YES;
				CLANG_WARN_CONSTANT_CONVERSION = YES;
				CLANG_WARN_DEPRECATED_OBJC_IMPLEMENTATIONS = YES;
				CLANG_WARN_DIRECT_OBJC_ISA_USAGE = YES_ERROR;
				CLANG_WARN_DOCUMENTATION_COMMENTS = YES;
				CLANG_WARN_EMPTY_BODY = YES;
				CLANG_WARN_ENUM_CONVERSION = YES;
				CLANG_WARN_INFINITE_RECURSION = YES;
				CLANG_WARN_INT_CONVERSION = YES;
				CLANG_WARN_NON_LITERAL_NULL_CONVERSION = YES;
				CLANG_WARN_OBJC_IMPLICIT_RETAIN_SELF = YES;
				CLANG_WARN_OBJC_LITERAL_CONVERSION = YES;
				CLANG_WARN_OBJC_ROOT_CLASS = YES_ERROR;
				CLANG_WARN_QUOTED_INCLUDE_IN_FRAMEWORK_HEADER = YES;
				CLANG_WARN_RANGE_LOOP_ANALYSIS = YES;
				CLANG_WARN_STRICT_PROTOTYPES = YES;
				CLANG_WARN_SUSPICIOUS_MOVE = YES;
				CLANG_WARN_UNGUARDED_AVAILABILITY = YES_AGGRESSIVE;
				CLANG_WARN_UNREACHABLE_CODE = YES;
				CLANG_WARN__DUPLICATE_METHOD_MATCH = YES;
				COPY_PHASE_STRIP = NO;
				DEBUG_INFORMATION_FORMAT = dwarf;
				ENABLE_STRICT_OBJC_MSGSEND = YES;
				ENABLE_TESTABILITY = YES;
				ENABLE_USER_SCRIPT_SANDBOXING = YES;
				GCC_C_LANGUAGE_STANDARD = gnu11;
				GCC_DYNAMIC_NO_PIC = NO;
				GCC_NO_COMMON_BLOCKS = YES;
				GCC_OPTIMIZATION_LEVEL = 0;
				GCC_PREPROCESSOR_DEFINITIONS = (
					"DEBUG=1",
					"$(inherited)",
				);
				GCC_WARN_64_TO_32_BIT_CONVERSION = YES;
				GCC_WARN_ABOUT_RETURN_TYPE = YES_ERROR;
				GCC_WARN_UNDECLARED_SELECTOR = YES;
				GCC_WARN_UNINITIALIZED_AUTOS = YES_AGGRESSIVE;
				GCC_WARN_UNUSED_FUNCTION = YES;
				GCC_WARN_UNUSED_VARIABLE = YES;
				IPHONEOS_DEPLOYMENT_TARGET = 16.2;
				MTL_ENABLE_DEBUG_INFO = INCLUDE_SOURCE;
				MTL_FAST_MATH = YES;
				ONLY_ACTIVE_ARCH = YES;
				SDKROOT = iphoneos;
				SWIFT_ACTIVE_COMPILATION_CONDITIONS = DEBUG;
				SWIFT_OPTIMIZATION_LEVEL = "-Onone";
			};
			name = Debug;
		};
		02C9863429C1361400CB87A0 /* Release */ = {
			isa = XCBuildConfiguration;
			buildSettings = {
				ALWAYS_SEARCH_USER_PATHS = NO;
				CLANG_ANALYZER_NONNULL = YES;
				CLANG_ANALYZER_NUMBER_OBJECT_CONVERSION = YES_AGGRESSIVE;
				CLANG_CXX_LANGUAGE_STANDARD = "gnu++20";
				CLANG_ENABLE_MODULES = YES;
				CLANG_ENABLE_OBJC_ARC = YES;
				CLANG_ENABLE_OBJC_WEAK = YES;
				CLANG_WARN_BLOCK_CAPTURE_AUTORELEASING = YES;
				CLANG_WARN_BOOL_CONVERSION = YES;
				CLANG_WARN_COMMA = YES;
				CLANG_WARN_CONSTANT_CONVERSION = YES;
				CLANG_WARN_DEPRECATED_OBJC_IMPLEMENTATIONS = YES;
				CLANG_WARN_DIRECT_OBJC_ISA_USAGE = YES_ERROR;
				CLANG_WARN_DOCUMENTATION_COMMENTS = YES;
				CLANG_WARN_EMPTY_BODY = YES;
				CLANG_WARN_ENUM_CONVERSION = YES;
				CLANG_WARN_INFINITE_RECURSION = YES;
				CLANG_WARN_INT_CONVERSION = YES;
				CLANG_WARN_NON_LITERAL_NULL_CONVERSION = YES;
				CLANG_WARN_OBJC_IMPLICIT_RETAIN_SELF = YES;
				CLANG_WARN_OBJC_LITERAL_CONVERSION = YES;
				CLANG_WARN_OBJC_ROOT_CLASS = YES_ERROR;
				CLANG_WARN_QUOTED_INCLUDE_IN_FRAMEWORK_HEADER = YES;
				CLANG_WARN_RANGE_LOOP_ANALYSIS = YES;
				CLANG_WARN_STRICT_PROTOTYPES = YES;
				CLANG_WARN_SUSPICIOUS_MOVE = YES;
				CLANG_WARN_UNGUARDED_AVAILABILITY = YES_AGGRESSIVE;
				CLANG_WARN_UNREACHABLE_CODE = YES;
				CLANG_WARN__DUPLICATE_METHOD_MATCH = YES;
				COPY_PHASE_STRIP = NO;
				DEBUG_INFORMATION_FORMAT = "dwarf-with-dsym";
				ENABLE_NS_ASSERTIONS = NO;
				ENABLE_STRICT_OBJC_MSGSEND = YES;
				ENABLE_USER_SCRIPT_SANDBOXING = YES;
				GCC_C_LANGUAGE_STANDARD = gnu11;
				GCC_NO_COMMON_BLOCKS = YES;
				GCC_WARN_64_TO_32_BIT_CONVERSION = YES;
				GCC_WARN_ABOUT_RETURN_TYPE = YES_ERROR;
				GCC_WARN_UNDECLARED_SELECTOR = YES;
				GCC_WARN_UNINITIALIZED_AUTOS = YES_AGGRESSIVE;
				GCC_WARN_UNUSED_FUNCTION = YES;
				GCC_WARN_UNUSED_VARIABLE = YES;
				IPHONEOS_DEPLOYMENT_TARGET = 16.2;
				MTL_ENABLE_DEBUG_INFO = NO;
				MTL_FAST_MATH = YES;
				SDKROOT = iphoneos;
				SWIFT_COMPILATION_MODE = wholemodule;
				SWIFT_OPTIMIZATION_LEVEL = "-O";
				VALIDATE_PRODUCT = YES;
			};
			name = Release;
		};
		02C9863629C1361400CB87A0 /* Debug */ = {
			isa = XCBuildConfiguration;
			buildSettings = {
				ASSETCATALOG_COMPILER_APPICON_NAME = AppIcon;
				ASSETCATALOG_COMPILER_GLOBAL_ACCENT_COLOR_NAME = Test;
				"CODE_SIGN_IDENTITY[sdk=iphoneos*]" = "iPhone Developer";
				CODE_SIGN_STYLE = Manual;
				CURRENT_PROJECT_VERSION = 1.09;
				DEVELOPMENT_ASSET_PATHS = "\"CardViewer/Preview Content\"";
				DEVELOPMENT_TEAM = "";
				"DEVELOPMENT_TEAM[sdk=iphoneos*]" = KTP2C8ZWM3;
				ENABLE_PREVIEWS = YES;
				GENERATE_INFOPLIST_FILE = YES;
				INFOPLIST_KEY_NSCameraUsageDescription = "Take pictures of cards and scan them!";
				INFOPLIST_KEY_UIApplicationSceneManifest_Generation = YES;
				INFOPLIST_KEY_UIApplicationSupportsIndirectInputEvents = YES;
				INFOPLIST_KEY_UILaunchScreen_Generation = YES;
				INFOPLIST_KEY_UISupportedInterfaceOrientations_iPad = "UIInterfaceOrientationPortrait UIInterfaceOrientationPortraitUpsideDown UIInterfaceOrientationLandscapeLeft UIInterfaceOrientationLandscapeRight";
				INFOPLIST_KEY_UISupportedInterfaceOrientations_iPhone = "UIInterfaceOrientationPortrait UIInterfaceOrientationLandscapeLeft UIInterfaceOrientationLandscapeRight";
				IPHONEOS_DEPLOYMENT_TARGET = 17.0;
				LD_RUNPATH_SEARCH_PATHS = (
					"$(inherited)",
					"@executable_path/Frameworks",
				);
				MARKETING_VERSION = 1.0;
				PRODUCT_BUNDLE_IDENTIFIER = com.LilTechKid.CardViewer;
				PRODUCT_NAME = "$(TARGET_NAME)";
				PROVISIONING_PROFILE_SPECIFIER = "";
				"PROVISIONING_PROFILE_SPECIFIER[sdk=iphoneos*]" = "CardViewer Development Profile";
				SWIFT_EMIT_LOC_STRINGS = YES;
				SWIFT_VERSION = 5.0;
				TARGETED_DEVICE_FAMILY = "1,2";
			};
			name = Debug;
		};
		02C9863729C1361400CB87A0 /* Release */ = {
			isa = XCBuildConfiguration;
			buildSettings = {
				ASSETCATALOG_COMPILER_APPICON_NAME = AppIcon;
				ASSETCATALOG_COMPILER_GLOBAL_ACCENT_COLOR_NAME = Test;
				"CODE_SIGN_IDENTITY[sdk=iphoneos*]" = "iPhone Developer";
				CODE_SIGN_STYLE = Manual;
				CURRENT_PROJECT_VERSION = 1.09;
				DEVELOPMENT_ASSET_PATHS = "\"CardViewer/Preview Content\"";
				DEVELOPMENT_TEAM = "";
				"DEVELOPMENT_TEAM[sdk=iphoneos*]" = KTP2C8ZWM3;
				ENABLE_PREVIEWS = YES;
				GENERATE_INFOPLIST_FILE = YES;
				INFOPLIST_KEY_NSCameraUsageDescription = "Take pictures of cards and scan them!";
				INFOPLIST_KEY_UIApplicationSceneManifest_Generation = YES;
				INFOPLIST_KEY_UIApplicationSupportsIndirectInputEvents = YES;
				INFOPLIST_KEY_UILaunchScreen_Generation = YES;
				INFOPLIST_KEY_UISupportedInterfaceOrientations_iPad = "UIInterfaceOrientationPortrait UIInterfaceOrientationPortraitUpsideDown UIInterfaceOrientationLandscapeLeft UIInterfaceOrientationLandscapeRight";
				INFOPLIST_KEY_UISupportedInterfaceOrientations_iPhone = "UIInterfaceOrientationPortrait UIInterfaceOrientationLandscapeLeft UIInterfaceOrientationLandscapeRight";
				IPHONEOS_DEPLOYMENT_TARGET = 17.0;
				LD_RUNPATH_SEARCH_PATHS = (
					"$(inherited)",
					"@executable_path/Frameworks",
				);
				MARKETING_VERSION = 1.0;
				PRODUCT_BUNDLE_IDENTIFIER = com.LilTechKid.CardViewer;
				PRODUCT_NAME = "$(TARGET_NAME)";
				PROVISIONING_PROFILE_SPECIFIER = "";
				"PROVISIONING_PROFILE_SPECIFIER[sdk=iphoneos*]" = "CardViewer Development Profile";
				SWIFT_EMIT_LOC_STRINGS = YES;
				SWIFT_VERSION = 5.0;
				TARGETED_DEVICE_FAMILY = "1,2";
			};
			name = Release;
		};
/* End XCBuildConfiguration section */

/* Begin XCConfigurationList section */
		02C9862229C1361300CB87A0 /* Build configuration list for PBXProject "CardViewer" */ = {
			isa = XCConfigurationList;
			buildConfigurations = (
				02C9863329C1361400CB87A0 /* Debug */,
				02C9863429C1361400CB87A0 /* Release */,
			);
			defaultConfigurationIsVisible = 0;
			defaultConfigurationName = Release;
		};
		02C9863529C1361400CB87A0 /* Build configuration list for PBXNativeTarget "CardViewer" */ = {
			isa = XCConfigurationList;
			buildConfigurations = (
				02C9863629C1361400CB87A0 /* Debug */,
				02C9863729C1361400CB87A0 /* Release */,
			);
			defaultConfigurationIsVisible = 0;
			defaultConfigurationName = Release;
		};
/* End XCConfigurationList section */

/* Begin XCRemoteSwiftPackageReference section */
		025D66B52AC3ADCE00567E94 /* XCRemoteSwiftPackageReference "SwiftyJSON" */ = {
			isa = XCRemoteSwiftPackageReference;
			repositoryURL = "https://github.com/SwiftyJSON/SwiftyJSON.git";
			requirement = {
				kind = upToNextMajorVersion;
				minimumVersion = 5.0.1;
			};
		};
		028ABF902A903EF000E4A042 /* XCRemoteSwiftPackageReference "SwiftSoup" */ = {
			isa = XCRemoteSwiftPackageReference;
			repositoryURL = "https://github.com/scinfu/SwiftSoup";
			requirement = {
				kind = upToNextMajorVersion;
				minimumVersion = 2.0.0;
			};
		};
/* End XCRemoteSwiftPackageReference section */

/* Begin XCSwiftPackageProductDependency section */
		025D66B62AC3ADCE00567E94 /* SwiftyJSON */ = {
			isa = XCSwiftPackageProductDependency;
			package = 025D66B52AC3ADCE00567E94 /* XCRemoteSwiftPackageReference "SwiftyJSON" */;
			productName = SwiftyJSON;
		};
		028ABF912A903EF000E4A042 /* SwiftSoup */ = {
			isa = XCSwiftPackageProductDependency;
			package = 028ABF902A903EF000E4A042 /* XCRemoteSwiftPackageReference "SwiftSoup" */;
			productName = SwiftSoup;
		};
/* End XCSwiftPackageProductDependency section */
	};
	rootObject = 02C9861F29C1361300CB87A0 /* Project object */;
}
