// !$*UTF8*$!
{
	archiveVersion = 1;
	classes = {
	};
	objectVersion = 56;
	objects = {

/* Begin PBXBuildFile section */
		02373CB429CD168B00305ADD /* CollectionView.swift in Sources */ = {isa = PBXBuildFile; fileRef = 02373CB329CD168B00305ADD /* CollectionView.swift */; };
		02373CB829CD1BDD00305ADD /* Homework.rtf in Resources */ = {isa = PBXBuildFile; fileRef = 02373CB729CD1BDD00305ADD /* Homework.rtf */; };
		025DF5C929F07B9C009DE6D5 /* ImagePicker.swift in Sources */ = {isa = PBXBuildFile; fileRef = 025DF5C829F07B9C009DE6D5 /* ImagePicker.swift */; };
		02BCEC5029D7A22D009AC8EB /* Card.swift in Sources */ = {isa = PBXBuildFile; fileRef = 02BCEC4F29D7A22D009AC8EB /* Card.swift */; };
		02BCEC5229D7A5DA009AC8EB /* CardAddEditView.swift in Sources */ = {isa = PBXBuildFile; fileRef = 02BCEC5129D7A5DA009AC8EB /* CardAddEditView.swift */; };
		02C9862B29C1361300CB87A0 /* CardViewerApp.swift in Sources */ = {isa = PBXBuildFile; fileRef = 02C9862A29C1361300CB87A0 /* CardViewerApp.swift */; };
		02C9862D29C1361300CB87A0 /* ContentView.swift in Sources */ = {isa = PBXBuildFile; fileRef = 02C9862C29C1361300CB87A0 /* ContentView.swift */; };
		02C9862F29C1361400CB87A0 /* Assets.xcassets in Resources */ = {isa = PBXBuildFile; fileRef = 02C9862E29C1361400CB87A0 /* Assets.xcassets */; };
		02C9863229C1361400CB87A0 /* Preview Assets.xcassets in Resources */ = {isa = PBXBuildFile; fileRef = 02C9863129C1361400CB87A0 /* Preview Assets.xcassets */; };
		02EACFA229E60193001B1D44 /* CardAddEditViewModel.swift in Sources */ = {isa = PBXBuildFile; fileRef = 02EACFA129E60193001B1D44 /* CardAddEditViewModel.swift */; };
		02EACFA429E6235E001B1D44 /* Folder.swift in Sources */ = {isa = PBXBuildFile; fileRef = 02EACFA329E6235D001B1D44 /* Folder.swift */; };
		02EACFA629E624A0001B1D44 /* FolderStore.swift in Sources */ = {isa = PBXBuildFile; fileRef = 02EACFA529E624A0001B1D44 /* FolderStore.swift */; };
/* End PBXBuildFile section */

/* Begin PBXFileReference section */
		02373CB329CD168B00305ADD /* CollectionView.swift */ = {isa = PBXFileReference; lastKnownFileType = sourcecode.swift; path = CollectionView.swift; sourceTree = "<group>"; };
		02373CB729CD1BDD00305ADD /* Homework.rtf */ = {isa = PBXFileReference; lastKnownFileType = text.rtf; path = Homework.rtf; sourceTree = "<group>"; };
		025DF5C829F07B9C009DE6D5 /* ImagePicker.swift */ = {isa = PBXFileReference; lastKnownFileType = sourcecode.swift; path = ImagePicker.swift; sourceTree = "<group>"; };
		02BCEC4F29D7A22D009AC8EB /* Card.swift */ = {isa = PBXFileReference; lastKnownFileType = sourcecode.swift; path = Card.swift; sourceTree = "<group>"; };
		02BCEC5129D7A5DA009AC8EB /* CardAddEditView.swift */ = {isa = PBXFileReference; lastKnownFileType = sourcecode.swift; path = CardAddEditView.swift; sourceTree = "<group>"; };
		02C9862729C1361300CB87A0 /* CardViewer.app */ = {isa = PBXFileReference; explicitFileType = wrapper.application; includeInIndex = 0; path = CardViewer.app; sourceTree = BUILT_PRODUCTS_DIR; };
		02C9862A29C1361300CB87A0 /* CardViewerApp.swift */ = {isa = PBXFileReference; lastKnownFileType = sourcecode.swift; path = CardViewerApp.swift; sourceTree = "<group>"; };
		02C9862C29C1361300CB87A0 /* ContentView.swift */ = {isa = PBXFileReference; lastKnownFileType = sourcecode.swift; path = ContentView.swift; sourceTree = "<group>"; };
		02C9862E29C1361400CB87A0 /* Assets.xcassets */ = {isa = PBXFileReference; lastKnownFileType = folder.assetcatalog; path = Assets.xcassets; sourceTree = "<group>"; };
		02C9863129C1361400CB87A0 /* Preview Assets.xcassets */ = {isa = PBXFileReference; lastKnownFileType = folder.assetcatalog; path = "Preview Assets.xcassets"; sourceTree = "<group>"; };
		02EACFA129E60193001B1D44 /* CardAddEditViewModel.swift */ = {isa = PBXFileReference; lastKnownFileType = sourcecode.swift; path = CardAddEditViewModel.swift; sourceTree = "<group>"; };
		02EACFA329E6235D001B1D44 /* Folder.swift */ = {isa = PBXFileReference; lastKnownFileType = sourcecode.swift; path = Folder.swift; sourceTree = "<group>"; };
		02EACFA529E624A0001B1D44 /* FolderStore.swift */ = {isa = PBXFileReference; lastKnownFileType = sourcecode.swift; path = FolderStore.swift; sourceTree = "<group>"; };
/* End PBXFileReference section */

/* Begin PBXFrameworksBuildPhase section */
		02C9862429C1361300CB87A0 /* Frameworks */ = {
			isa = PBXFrameworksBuildPhase;
			buildActionMask = 2147483647;
			files = (
			);
			runOnlyForDeploymentPostprocessing = 0;
		};
/* End PBXFrameworksBuildPhase section */

/* Begin PBXGroup section */
		02C9861E29C1361300CB87A0 = {
			isa = PBXGroup;
			children = (
				02C9862929C1361300CB87A0 /* CardViewer */,
				02C9862829C1361300CB87A0 /* Products */,
			);
			sourceTree = "<group>";
		};
		02C9862829C1361300CB87A0 /* Products */ = {
			isa = PBXGroup;
			children = (
				02C9862729C1361300CB87A0 /* CardViewer.app */,
			);
			name = Products;
			sourceTree = "<group>";
		};
		02C9862929C1361300CB87A0 /* CardViewer */ = {
			isa = PBXGroup;
			children = (
				02C9862A29C1361300CB87A0 /* CardViewerApp.swift */,
				02C9862C29C1361300CB87A0 /* ContentView.swift */,
				02373CB329CD168B00305ADD /* CollectionView.swift */,
				02BCEC5129D7A5DA009AC8EB /* CardAddEditView.swift */,
				025DF5C829F07B9C009DE6D5 /* ImagePicker.swift */,
				02EACFA129E60193001B1D44 /* CardAddEditViewModel.swift */,
				02EACFA329E6235D001B1D44 /* Folder.swift */,
				02EACFA529E624A0001B1D44 /* FolderStore.swift */,
				02BCEC4F29D7A22D009AC8EB /* Card.swift */,
				02373CB729CD1BDD00305ADD /* Homework.rtf */,
				02C9862E29C1361400CB87A0 /* Assets.xcassets */,
				02C9863029C1361400CB87A0 /* Preview Content */,
			);
			path = CardViewer;
			sourceTree = "<group>";
		};
		02C9863029C1361400CB87A0 /* Preview Content */ = {
			isa = PBXGroup;
			children = (
				02C9863129C1361400CB87A0 /* Preview Assets.xcassets */,
			);
			path = "Preview Content";
			sourceTree = "<group>";
		};
/* End PBXGroup section */

/* Begin PBXNativeTarget section */
		02C9862629C1361300CB87A0 /* CardViewer */ = {
			isa = PBXNativeTarget;
			buildConfigurationList = 02C9863529C1361400CB87A0 /* Build configuration list for PBXNativeTarget "CardViewer" */;
			buildPhases = (
				02C9862329C1361300CB87A0 /* Sources */,
				02C9862429C1361300CB87A0 /* Frameworks */,
				02C9862529C1361300CB87A0 /* Resources */,
			);
			buildRules = (
			);
			dependencies = (
			);
			name = CardViewer;
			productName = CardViewer;
			productReference = 02C9862729C1361300CB87A0 /* CardViewer.app */;
			productType = "com.apple.product-type.application";
		};
/* End PBXNativeTarget section */

/* Begin PBXProject section */
		02C9861F29C1361300CB87A0 /* Project object */ = {
			isa = PBXProject;
			attributes = {
				BuildIndependentTargetsInParallel = 1;
				LastSwiftUpdateCheck = 1420;
				LastUpgradeCheck = 1420;
				TargetAttributes = {
					02C9862629C1361300CB87A0 = {
						CreatedOnToolsVersion = 14.2;
					};
				};
			};
			buildConfigurationList = 02C9862229C1361300CB87A0 /* Build configuration list for PBXProject "CardViewer" */;
			compatibilityVersion = "Xcode 14.0";
			developmentRegion = en;
			hasScannedForEncodings = 0;
			knownRegions = (
				en,
				Base,
			);
			mainGroup = 02C9861E29C1361300CB87A0;
			productRefGroup = 02C9862829C1361300CB87A0 /* Products */;
			projectDirPath = "";
			projectRoot = "";
			targets = (
				02C9862629C1361300CB87A0 /* CardViewer */,
			);
		};
/* End PBXProject section */

/* Begin PBXResourcesBuildPhase section */
		02C9862529C1361300CB87A0 /* Resources */ = {
			isa = PBXResourcesBuildPhase;
			buildActionMask = 2147483647;
			files = (
				02373CB829CD1BDD00305ADD /* Homework.rtf in Resources */,
				02C9863229C1361400CB87A0 /* Preview Assets.xcassets in Resources */,
				02C9862F29C1361400CB87A0 /* Assets.xcassets in Resources */,
			);
			runOnlyForDeploymentPostprocessing = 0;
		};
/* End PBXResourcesBuildPhase section */

/* Begin PBXSourcesBuildPhase section */
		02C9862329C1361300CB87A0 /* Sources */ = {
			isa = PBXSourcesBuildPhase;
			buildActionMask = 2147483647;
			files = (
				02373CB429CD168B00305ADD /* CollectionView.swift in Sources */,
				02C9862D29C1361300CB87A0 /* ContentView.swift in Sources */,
				02C9862B29C1361300CB87A0 /* CardViewerApp.swift in Sources */,
				025DF5C929F07B9C009DE6D5 /* ImagePicker.swift in Sources */,
				02BCEC5229D7A5DA009AC8EB /* CardAddEditView.swift in Sources */,
				02EACFA229E60193001B1D44 /* CardAddEditViewModel.swift in Sources */,
				02EACFA629E624A0001B1D44 /* FolderStore.swift in Sources */,
				02BCEC5029D7A22D009AC8EB /* Card.swift in Sources */,
				02EACFA429E6235E001B1D44 /* Folder.swift in Sources */,
			);
			runOnlyForDeploymentPostprocessing = 0;
		};
/* End PBXSourcesBuildPhase section */

/* Begin XCBuildConfiguration section */
		02C9863329C1361400CB87A0 /* Debug */ = {
			isa = XCBuildConfiguration;
			buildSettings = {
				ALWAYS_SEARCH_USER_PATHS = NO;
				CLANG_ANALYZER_NONNULL = YES;
				CLANG_ANALYZER_NUMBER_OBJECT_CONVERSION = YES_AGGRESSIVE;
				CLANG_CXX_LANGUAGE_STANDARD = "gnu++20";
				CLANG_ENABLE_MODULES = YES;
				CLANG_ENABLE_OBJC_ARC = YES;
				CLANG_ENABLE_OBJC_WEAK = YES;
				CLANG_WARN_BLOCK_CAPTURE_AUTORELEASING = YES;
				CLANG_WARN_BOOL_CONVERSION = YES;
				CLANG_WARN_COMMA = YES;
				CLANG_WARN_CONSTANT_CONVERSION = YES;
				CLANG_WARN_DEPRECATED_OBJC_IMPLEMENTATIONS = YES;
				CLANG_WARN_DIRECT_OBJC_ISA_USAGE = YES_ERROR;
				CLANG_WARN_DOCUMENTATION_COMMENTS = YES;
				CLANG_WARN_EMPTY_BODY = YES;
				CLANG_WARN_ENUM_CONVERSION = YES;
				CLANG_WARN_INFINITE_RECURSION = YES;
				CLANG_WARN_INT_CONVERSION = YES;
				CLANG_WARN_NON_LITERAL_NULL_CONVERSION = YES;
				CLANG_WARN_OBJC_IMPLICIT_RETAIN_SELF = YES;
				CLANG_WARN_OBJC_LITERAL_CONVERSION = YES;
				CLANG_WARN_OBJC_ROOT_CLASS = YES_ERROR;
				CLANG_WARN_QUOTED_INCLUDE_IN_FRAMEWORK_HEADER = YES;
				CLANG_WARN_RANGE_LOOP_ANALYSIS = YES;
				CLANG_WARN_STRICT_PROTOTYPES = YES;
				CLANG_WARN_SUSPICIOUS_MOVE = YES;
				CLANG_WARN_UNGUARDED_AVAILABILITY = YES_AGGRESSIVE;
				CLANG_WARN_UNREACHABLE_CODE = YES;
				CLANG_WARN__DUPLICATE_METHOD_MATCH = YES;
				COPY_PHASE_STRIP = NO;
				DEBUG_INFORMATION_FORMAT = dwarf;
				ENABLE_STRICT_OBJC_MSGSEND = YES;
				ENABLE_TESTABILITY = YES;
				GCC_C_LANGUAGE_STANDARD = gnu11;
				GCC_DYNAMIC_NO_PIC = NO;
				GCC_NO_COMMON_BLOCKS = YES;
				GCC_OPTIMIZATION_LEVEL = 0;
				GCC_PREPROCESSOR_DEFINITIONS = (
					"DEBUG=1",
					"$(inherited)",
				);
				GCC_WARN_64_TO_32_BIT_CONVERSION = YES;
				GCC_WARN_ABOUT_RETURN_TYPE = YES_ERROR;
				GCC_WARN_UNDECLARED_SELECTOR = YES;
				GCC_WARN_UNINITIALIZED_AUTOS = YES_AGGRESSIVE;
				GCC_WARN_UNUSED_FUNCTION = YES;
				GCC_WARN_UNUSED_VARIABLE = YES;
				IPHONEOS_DEPLOYMENT_TARGET = 16.2;
				MTL_ENABLE_DEBUG_INFO = INCLUDE_SOURCE;
				MTL_FAST_MATH = YES;
				ONLY_ACTIVE_ARCH = YES;
				SDKROOT = iphoneos;
				SWIFT_ACTIVE_COMPILATION_CONDITIONS = DEBUG;
				SWIFT_OPTIMIZATION_LEVEL = "-Onone";
			};
			name = Debug;
		};
		02C9863429C1361400CB87A0 /* Release */ = {
			isa = XCBuildConfiguration;
			buildSettings = {
				ALWAYS_SEARCH_USER_PATHS = NO;
				CLANG_ANALYZER_NONNULL = YES;
				CLANG_ANALYZER_NUMBER_OBJECT_CONVERSION = YES_AGGRESSIVE;
				CLANG_CXX_LANGUAGE_STANDARD = "gnu++20";
				CLANG_ENABLE_MODULES = YES;
				CLANG_ENABLE_OBJC_ARC = YES;
				CLANG_ENABLE_OBJC_WEAK = YES;
				CLANG_WARN_BLOCK_CAPTURE_AUTORELEASING = YES;
				CLANG_WARN_BOOL_CONVERSION = YES;
				CLANG_WARN_COMMA = YES;
				CLANG_WARN_CONSTANT_CONVERSION = YES;
				CLANG_WARN_DEPRECATED_OBJC_IMPLEMENTATIONS = YES;
				CLANG_WARN_DIRECT_OBJC_ISA_USAGE = YES_ERROR;
				CLANG_WARN_DOCUMENTATION_COMMENTS = YES;
				CLANG_WARN_EMPTY_BODY = YES;
				CLANG_WARN_ENUM_CONVERSION = YES;
				CLANG_WARN_INFINITE_RECURSION = YES;
				CLANG_WARN_INT_CONVERSION = YES;
				CLANG_WARN_NON_LITERAL_NULL_CONVERSION = YES;
				CLANG_WARN_OBJC_IMPLICIT_RETAIN_SELF = YES;
				CLANG_WARN_OBJC_LITERAL_CONVERSION = YES;
				CLANG_WARN_OBJC_ROOT_CLASS = YES_ERROR;
				CLANG_WARN_QUOTED_INCLUDE_IN_FRAMEWORK_HEADER = YES;
				CLANG_WARN_RANGE_LOOP_ANALYSIS = YES;
				CLANG_WARN_STRICT_PROTOTYPES = YES;
				CLANG_WARN_SUSPICIOUS_MOVE = YES;
				CLANG_WARN_UNGUARDED_AVAILABILITY = YES_AGGRESSIVE;
				CLANG_WARN_UNREACHABLE_CODE = YES;
				CLANG_WARN__DUPLICATE_METHOD_MATCH = YES;
				COPY_PHASE_STRIP = NO;
				DEBUG_INFORMATION_FORMAT = "dwarf-with-dsym";
				ENABLE_NS_ASSERTIONS = NO;
				ENABLE_STRICT_OBJC_MSGSEND = YES;
				GCC_C_LANGUAGE_STANDARD = gnu11;
				GCC_NO_COMMON_BLOCKS = YES;
				GCC_WARN_64_TO_32_BIT_CONVERSION = YES;
				GCC_WARN_ABOUT_RETURN_TYPE = YES_ERROR;
				GCC_WARN_UNDECLARED_SELECTOR = YES;
				GCC_WARN_UNINITIALIZED_AUTOS = YES_AGGRESSIVE;
				GCC_WARN_UNUSED_FUNCTION = YES;
				GCC_WARN_UNUSED_VARIABLE = YES;
				IPHONEOS_DEPLOYMENT_TARGET = 16.2;
				MTL_ENABLE_DEBUG_INFO = NO;
				MTL_FAST_MATH = YES;
				SDKROOT = iphoneos;
				SWIFT_COMPILATION_MODE = wholemodule;
				SWIFT_OPTIMIZATION_LEVEL = "-O";
				VALIDATE_PRODUCT = YES;
			};
			name = Release;
		};
		02C9863629C1361400CB87A0 /* Debug */ = {
			isa = XCBuildConfiguration;
			buildSettings = {
				ASSETCATALOG_COMPILER_APPICON_NAME = AppIcon;
				ASSETCATALOG_COMPILER_GLOBAL_ACCENT_COLOR_NAME = AccentColor;
				"CODE_SIGN_IDENTITY[sdk=iphoneos*]" = "iPhone Developer";
				CODE_SIGN_STYLE = Manual;
				CURRENT_PROJECT_VERSION = 1.03;
				DEVELOPMENT_ASSET_PATHS = "\"CardViewer/Preview Content\"";
				DEVELOPMENT_TEAM = "";
				"DEVELOPMENT_TEAM[sdk=iphoneos*]" = KTP2C8ZWM3;
				ENABLE_PREVIEWS = YES;
				GENERATE_INFOPLIST_FILE = YES;
				INFOPLIST_KEY_NSCameraUsageDescription = "Take pictures of cards and scan them!";
				INFOPLIST_KEY_UIApplicationSceneManifest_Generation = YES;
				INFOPLIST_KEY_UIApplicationSupportsIndirectInputEvents = YES;
				INFOPLIST_KEY_UILaunchScreen_Generation = YES;
				INFOPLIST_KEY_UISupportedInterfaceOrientations_iPad = "UIInterfaceOrientationPortrait UIInterfaceOrientationPortraitUpsideDown UIInterfaceOrientationLandscapeLeft UIInterfaceOrientationLandscapeRight";
				INFOPLIST_KEY_UISupportedInterfaceOrientations_iPhone = "UIInterfaceOrientationPortrait UIInterfaceOrientationLandscapeLeft UIInterfaceOrientationLandscapeRight";
				LD_RUNPATH_SEARCH_PATHS = (
					"$(inherited)",
					"@executable_path/Frameworks",
				);
				MARKETING_VERSION = 1.0;
				PRODUCT_BUNDLE_IDENTIFIER = com.LilTechKid.CardViewer;
				PRODUCT_NAME = "$(TARGET_NAME)";
				PROVISIONING_PROFILE_SPECIFIER = "";
				"PROVISIONING_PROFILE_SPECIFIER[sdk=iphoneos*]" = "CardViewer Development Profile";
				SWIFT_EMIT_LOC_STRINGS = YES;
				SWIFT_VERSION = 5.0;
				TARGETED_DEVICE_FAMILY = "1,2";
			};
			name = Debug;
		};
		02C9863729C1361400CB87A0 /* Release */ = {
			isa = XCBuildConfiguration;
			buildSettings = {
				ASSETCATALOG_COMPILER_APPICON_NAME = AppIcon;
				ASSETCATALOG_COMPILER_GLOBAL_ACCENT_COLOR_NAME = AccentColor;
				"CODE_SIGN_IDENTITY[sdk=iphoneos*]" = "iPhone Developer";
				CODE_SIGN_STYLE = Manual;
				CURRENT_PROJECT_VERSION = 1.03;
				DEVELOPMENT_ASSET_PATHS = "\"CardViewer/Preview Content\"";
				DEVELOPMENT_TEAM = "";
				"DEVELOPMENT_TEAM[sdk=iphoneos*]" = KTP2C8ZWM3;
				ENABLE_PREVIEWS = YES;
				GENERATE_INFOPLIST_FILE = YES;
				INFOPLIST_KEY_NSCameraUsageDescription = "Take pictures of cards and scan them!";
				INFOPLIST_KEY_UIApplicationSceneManifest_Generation = YES;
				INFOPLIST_KEY_UIApplicationSupportsIndirectInputEvents = YES;
				INFOPLIST_KEY_UILaunchScreen_Generation = YES;
				INFOPLIST_KEY_UISupportedInterfaceOrientations_iPad = "UIInterfaceOrientationPortrait UIInterfaceOrientationPortraitUpsideDown UIInterfaceOrientationLandscapeLeft UIInterfaceOrientationLandscapeRight";
				INFOPLIST_KEY_UISupportedInterfaceOrientations_iPhone = "UIInterfaceOrientationPortrait UIInterfaceOrientationLandscapeLeft UIInterfaceOrientationLandscapeRight";
				LD_RUNPATH_SEARCH_PATHS = (
					"$(inherited)",
					"@executable_path/Frameworks",
				);
				MARKETING_VERSION = 1.0;
				PRODUCT_BUNDLE_IDENTIFIER = com.LilTechKid.CardViewer;
				PRODUCT_NAME = "$(TARGET_NAME)";
				PROVISIONING_PROFILE_SPECIFIER = "";
				"PROVISIONING_PROFILE_SPECIFIER[sdk=iphoneos*]" = "CardViewer Development Profile";
				SWIFT_EMIT_LOC_STRINGS = YES;
				SWIFT_VERSION = 5.0;
				TARGETED_DEVICE_FAMILY = "1,2";
			};
			name = Release;
		};
/* End XCBuildConfiguration section */

/* Begin XCConfigurationList section */
		02C9862229C1361300CB87A0 /* Build configuration list for PBXProject "CardViewer" */ = {
			isa = XCConfigurationList;
			buildConfigurations = (
				02C9863329C1361400CB87A0 /* Debug */,
				02C9863429C1361400CB87A0 /* Release */,
			);
			defaultConfigurationIsVisible = 0;
			defaultConfigurationName = Release;
		};
		02C9863529C1361400CB87A0 /* Build configuration list for PBXNativeTarget "CardViewer" */ = {
			isa = XCConfigurationList;
			buildConfigurations = (
				02C9863629C1361400CB87A0 /* Debug */,
				02C9863729C1361400CB87A0 /* Release */,
			);
			defaultConfigurationIsVisible = 0;
			defaultConfigurationName = Release;
		};
/* End XCConfigurationList section */
	};
	rootObject = 02C9861F29C1361300CB87A0 /* Project object */;
}
